// !$*UTF8*$!
{
	archiveVersion = 1;
	classes = {
	};
	objectVersion = 48;
	objects = {

/* Begin PBXBuildFile section */
		39B469B12031BBA8008965C0 /* GoalType.swift in Sources */ = {isa = PBXBuildFile; fileRef = 39B469B02031BBA8008965C0 /* GoalType.swift */; };
		39B469B32031C89A008965C0 /* CreateGoalVC.swift in Sources */ = {isa = PBXBuildFile; fileRef = 39B469B22031C89A008965C0 /* CreateGoalVC.swift */; };
		39B469B52031CA2C008965C0 /* UIViewControllerExt.swift in Sources */ = {isa = PBXBuildFile; fileRef = 39B469B42031CA2C008965C0 /* UIViewControllerExt.swift */; };
		39B469B720344F8C008965C0 /* UIViewExt.swift in Sources */ = {isa = PBXBuildFile; fileRef = 39B469B620344F8C008965C0 /* UIViewExt.swift */; };
		39B469B920346200008965C0 /* UIButtonExt.swift in Sources */ = {isa = PBXBuildFile; fileRef = 39B469B820346200008965C0 /* UIButtonExt.swift */; };
		39B469BB203D65A8008965C0 /* FinishGoalVC.swift in Sources */ = {isa = PBXBuildFile; fileRef = 39B469BA203D65A8008965C0 /* FinishGoalVC.swift */; };
		39B4F810202EE50900F2957B /* AppDelegate.swift in Sources */ = {isa = PBXBuildFile; fileRef = 39B4F80F202EE50900F2957B /* AppDelegate.swift */; };
		39B4F812202EE50900F2957B /* GoalsVC.swift in Sources */ = {isa = PBXBuildFile; fileRef = 39B4F811202EE50900F2957B /* GoalsVC.swift */; };
		39B4F815202EE50900F2957B /* Main.storyboard in Resources */ = {isa = PBXBuildFile; fileRef = 39B4F813202EE50900F2957B /* Main.storyboard */; };
		39B4F818202EE50900F2957B /* Goalpost_app.xcdatamodeld in Sources */ = {isa = PBXBuildFile; fileRef = 39B4F816202EE50900F2957B /* Goalpost_app.xcdatamodeld */; };
		39B4F81A202EE50900F2957B /* Assets.xcassets in Resources */ = {isa = PBXBuildFile; fileRef = 39B4F819202EE50900F2957B /* Assets.xcassets */; };
		39B4F81D202EE50900F2957B /* LaunchScreen.storyboard in Resources */ = {isa = PBXBuildFile; fileRef = 39B4F81B202EE50900F2957B /* LaunchScreen.storyboard */; };
		39B4F829202EF3D000F2957B /* GoalCell.swift in Sources */ = {isa = PBXBuildFile; fileRef = 39B4F828202EF3D000F2957B /* GoalCell.swift */; };
/* End PBXBuildFile section */

/* Begin PBXFileReference section */
		39B469B02031BBA8008965C0 /* GoalType.swift */ = {isa = PBXFileReference; lastKnownFileType = sourcecode.swift; path = GoalType.swift; sourceTree = "<group>"; };
		39B469B22031C89A008965C0 /* CreateGoalVC.swift */ = {isa = PBXFileReference; lastKnownFileType = sourcecode.swift; path = CreateGoalVC.swift; sourceTree = "<group>"; };
		39B469B42031CA2C008965C0 /* UIViewControllerExt.swift */ = {isa = PBXFileReference; lastKnownFileType = sourcecode.swift; path = UIViewControllerExt.swift; sourceTree = "<group>"; };
		39B469B620344F8C008965C0 /* UIViewExt.swift */ = {isa = PBXFileReference; lastKnownFileType = sourcecode.swift; path = UIViewExt.swift; sourceTree = "<group>"; };
		39B469B820346200008965C0 /* UIButtonExt.swift */ = {isa = PBXFileReference; lastKnownFileType = sourcecode.swift; path = UIButtonExt.swift; sourceTree = "<group>"; };
		39B469BA203D65A8008965C0 /* FinishGoalVC.swift */ = {isa = PBXFileReference; lastKnownFileType = sourcecode.swift; path = FinishGoalVC.swift; sourceTree = "<group>"; };
		39B4F80C202EE50900F2957B /* Goalpost-app.app */ = {isa = PBXFileReference; explicitFileType = wrapper.application; includeInIndex = 0; path = "Goalpost-app.app"; sourceTree = BUILT_PRODUCTS_DIR; };
		39B4F80F202EE50900F2957B /* AppDelegate.swift */ = {isa = PBXFileReference; lastKnownFileType = sourcecode.swift; path = AppDelegate.swift; sourceTree = "<group>"; };
		39B4F811202EE50900F2957B /* GoalsVC.swift */ = {isa = PBXFileReference; lastKnownFileType = sourcecode.swift; path = GoalsVC.swift; sourceTree = "<group>"; };
		39B4F814202EE50900F2957B /* Base */ = {isa = PBXFileReference; lastKnownFileType = file.storyboard; name = Base; path = Base.lproj/Main.storyboard; sourceTree = "<group>"; };
		39B4F817202EE50900F2957B /* Goalpost_app.xcdatamodel */ = {isa = PBXFileReference; lastKnownFileType = wrapper.xcdatamodel; path = Goalpost_app.xcdatamodel; sourceTree = "<group>"; };
		39B4F819202EE50900F2957B /* Assets.xcassets */ = {isa = PBXFileReference; lastKnownFileType = folder.assetcatalog; path = Assets.xcassets; sourceTree = "<group>"; };
		39B4F81C202EE50900F2957B /* Base */ = {isa = PBXFileReference; lastKnownFileType = file.storyboard; name = Base; path = Base.lproj/LaunchScreen.storyboard; sourceTree = "<group>"; };
		39B4F81E202EE50900F2957B /* Info.plist */ = {isa = PBXFileReference; lastKnownFileType = text.plist.xml; path = Info.plist; sourceTree = "<group>"; };
		39B4F828202EF3D000F2957B /* GoalCell.swift */ = {isa = PBXFileReference; lastKnownFileType = sourcecode.swift; path = GoalCell.swift; sourceTree = "<group>"; };
/* End PBXFileReference section */

/* Begin PBXFrameworksBuildPhase section */
		39B4F809202EE50900F2957B /* Frameworks */ = {
			isa = PBXFrameworksBuildPhase;
			buildActionMask = 2147483647;
			files = (
			);
			runOnlyForDeploymentPostprocessing = 0;
		};
/* End PBXFrameworksBuildPhase section */

/* Begin PBXGroup section */
		39B4F803202EE50900F2957B = {
			isa = PBXGroup;
			children = (
				39B4F80E202EE50900F2957B /* Goalpost-app */,
				39B4F80D202EE50900F2957B /* Products */,
			);
			sourceTree = "<group>";
		};
		39B4F80D202EE50900F2957B /* Products */ = {
			isa = PBXGroup;
			children = (
				39B4F80C202EE50900F2957B /* Goalpost-app.app */,
			);
			name = Products;
			sourceTree = "<group>";
		};
		39B4F80E202EE50900F2957B /* Goalpost-app */ = {
			isa = PBXGroup;
			children = (
				39B4F827202EE55100F2957B /* Extensions */,
				39B4F826202EE54800F2957B /* Enums */,
				39B4F825202EE54400F2957B /* View */,
				39B4F824202EE53800F2957B /* Controller */,
				39B4F80F202EE50900F2957B /* AppDelegate.swift */,
				39B4F813202EE50900F2957B /* Main.storyboard */,
				39B4F819202EE50900F2957B /* Assets.xcassets */,
				39B4F81B202EE50900F2957B /* LaunchScreen.storyboard */,
				39B4F81E202EE50900F2957B /* Info.plist */,
				39B4F816202EE50900F2957B /* Goalpost_app.xcdatamodeld */,
			);
			path = "Goalpost-app";
			sourceTree = "<group>";
		};
		39B4F824202EE53800F2957B /* Controller */ = {
			isa = PBXGroup;
			children = (
				39B4F811202EE50900F2957B /* GoalsVC.swift */,
				39B469B22031C89A008965C0 /* CreateGoalVC.swift */,
				39B469BA203D65A8008965C0 /* FinishGoalVC.swift */,
			);
			path = Controller;
			sourceTree = "<group>";
		};
		39B4F825202EE54400F2957B /* View */ = {
			isa = PBXGroup;
			children = (
				39B4F828202EF3D000F2957B /* GoalCell.swift */,
			);
			path = View;
			sourceTree = "<group>";
		};
		39B4F826202EE54800F2957B /* Enums */ = {
			isa = PBXGroup;
			children = (
				39B469B02031BBA8008965C0 /* GoalType.swift */,
			);
			path = Enums;
			sourceTree = "<group>";
		};
		39B4F827202EE55100F2957B /* Extensions */ = {
			isa = PBXGroup;
			children = (
				39B469B42031CA2C008965C0 /* UIViewControllerExt.swift */,
				39B469B620344F8C008965C0 /* UIViewExt.swift */,
				39B469B820346200008965C0 /* UIButtonExt.swift */,
			);
			path = Extensions;
			sourceTree = "<group>";
		};
/* End PBXGroup section */

/* Begin PBXNativeTarget section */
		39B4F80B202EE50900F2957B /* Goalpost-app */ = {
			isa = PBXNativeTarget;
			buildConfigurationList = 39B4F821202EE50900F2957B /* Build configuration list for PBXNativeTarget "Goalpost-app" */;
			buildPhases = (
				39B4F808202EE50900F2957B /* Sources */,
				39B4F809202EE50900F2957B /* Frameworks */,
				39B4F80A202EE50900F2957B /* Resources */,
			);
			buildRules = (
			);
			dependencies = (
			);
			name = "Goalpost-app";
			productName = "Goalpost-app";
			productReference = 39B4F80C202EE50900F2957B /* Goalpost-app.app */;
			productType = "com.apple.product-type.application";
		};
/* End PBXNativeTarget section */

/* Begin PBXProject section */
		39B4F804202EE50900F2957B /* Project object */ = {
			isa = PBXProject;
			attributes = {
				LastSwiftUpdateCheck = 0920;
				LastUpgradeCheck = 0920;
				ORGANIZATIONNAME = nan;
				TargetAttributes = {
					39B4F80B202EE50900F2957B = {
						CreatedOnToolsVersion = 9.2;
						ProvisioningStyle = Automatic;
					};
				};
			};
			buildConfigurationList = 39B4F807202EE50900F2957B /* Build configuration list for PBXProject "Goalpost-app" */;
			compatibilityVersion = "Xcode 8.0";
			developmentRegion = en;
			hasScannedForEncodings = 0;
			knownRegions = (
				en,
				Base,
			);
			mainGroup = 39B4F803202EE50900F2957B;
			productRefGroup = 39B4F80D202EE50900F2957B /* Products */;
			projectDirPath = "";
			projectRoot = "";
			targets = (
				39B4F80B202EE50900F2957B /* Goalpost-app */,
			);
		};
/* End PBXProject section */

/* Begin PBXResourcesBuildPhase section */
		39B4F80A202EE50900F2957B /* Resources */ = {
			isa = PBXResourcesBuildPhase;
			buildActionMask = 2147483647;
			files = (
				39B4F81D202EE50900F2957B /* LaunchScreen.storyboard in Resources */,
				39B4F81A202EE50900F2957B /* Assets.xcassets in Resources */,
				39B4F815202EE50900F2957B /* Main.storyboard in Resources */,
			);
			runOnlyForDeploymentPostprocessing = 0;
		};
/* End PBXResourcesBuildPhase section */

/* Begin PBXSourcesBuildPhase section */
		39B4F808202EE50900F2957B /* Sources */ = {
			isa = PBXSourcesBuildPhase;
			buildActionMask = 2147483647;
			files = (
				39B4F829202EF3D000F2957B /* GoalCell.swift in Sources */,
				39B469B32031C89A008965C0 /* CreateGoalVC.swift in Sources */,
				39B469B12031BBA8008965C0 /* GoalType.swift in Sources */,
				39B4F818202EE50900F2957B /* Goalpost_app.xcdatamodeld in Sources */,
				39B469B720344F8C008965C0 /* UIViewExt.swift in Sources */,
				39B4F812202EE50900F2957B /* GoalsVC.swift in Sources */,
				39B469B52031CA2C008965C0 /* UIViewControllerExt.swift in Sources */,
				39B469B920346200008965C0 /* UIButtonExt.swift in Sources */,
				39B469BB203D65A8008965C0 /* FinishGoalVC.swift in Sources */,
				39B4F810202EE50900F2957B /* AppDelegate.swift in Sources */,
			);
			runOnlyForDeploymentPostprocessing = 0;
		};
/* End PBXSourcesBuildPhase section */

/* Begin PBXVariantGroup section */
		39B4F813202EE50900F2957B /* Main.storyboard */ = {
			isa = PBXVariantGroup;
			children = (
				39B4F814202EE50900F2957B /* Base */,
			);
			name = Main.storyboard;
			sourceTree = "<group>";
		};
		39B4F81B202EE50900F2957B /* LaunchScreen.storyboard */ = {
			isa = PBXVariantGroup;
			children = (
				39B4F81C202EE50900F2957B /* Base */,
			);
			name = LaunchScreen.storyboard;
			sourceTree = "<group>";
		};
/* End PBXVariantGroup section */

/* Begin XCBuildConfiguration section */
		39B4F81F202EE50900F2957B /* Debug */ = {
			isa = XCBuildConfiguration;
			buildSettings = {
				ALWAYS_SEARCH_USER_PATHS = NO;
				CLANG_ANALYZER_NONNULL = YES;
				CLANG_ANALYZER_NUMBER_OBJECT_CONVERSION = YES_AGGRESSIVE;
				CLANG_CXX_LANGUAGE_STANDARD = "gnu++14";
				CLANG_CXX_LIBRARY = "libc++";
				CLANG_ENABLE_MODULES = YES;
				CLANG_ENABLE_OBJC_ARC = YES;
				CLANG_WARN_BLOCK_CAPTURE_AUTORELEASING = YES;
				CLANG_WARN_BOOL_CONVERSION = YES;
				CLANG_WARN_COMMA = YES;
				CLANG_WARN_CONSTANT_CONVERSION = YES;
				CLANG_WARN_DIRECT_OBJC_ISA_USAGE = YES_ERROR;
				CLANG_WARN_DOCUMENTATION_COMMENTS = YES;
				CLANG_WARN_EMPTY_BODY = YES;
				CLANG_WARN_ENUM_CONVERSION = YES;
				CLANG_WARN_INFINITE_RECURSION = YES;
				CLANG_WARN_INT_CONVERSION = YES;
				CLANG_WARN_NON_LITERAL_NULL_CONVERSION = YES;
				CLANG_WARN_OBJC_LITERAL_CONVERSION = YES;
				CLANG_WARN_OBJC_ROOT_CLASS = YES_ERROR;
				CLANG_WARN_RANGE_LOOP_ANALYSIS = YES;
				CLANG_WARN_STRICT_PROTOTYPES = YES;
				CLANG_WARN_SUSPICIOUS_MOVE = YES;
				CLANG_WARN_UNGUARDED_AVAILABILITY = YES_AGGRESSIVE;
				CLANG_WARN_UNREACHABLE_CODE = YES;
				CLANG_WARN__DUPLICATE_METHOD_MATCH = YES;
				CODE_SIGN_IDENTITY = "iPhone Developer";
				COPY_PHASE_STRIP = NO;
				DEBUG_INFORMATION_FORMAT = dwarf;
				ENABLE_STRICT_OBJC_MSGSEND = YES;
				ENABLE_TESTABILITY = YES;
				GCC_C_LANGUAGE_STANDARD = gnu11;
				GCC_DYNAMIC_NO_PIC = NO;
				GCC_NO_COMMON_BLOCKS = YES;
				GCC_OPTIMIZATION_LEVEL = 0;
				GCC_PREPROCESSOR_DEFINITIONS = (
					"DEBUG=1",
					"$(inherited)",
				);
				GCC_WARN_64_TO_32_BIT_CONVERSION = YES;
				GCC_WARN_ABOUT_RETURN_TYPE = YES_ERROR;
				GCC_WARN_UNDECLARED_SELECTOR = YES;
				GCC_WARN_UNINITIALIZED_AUTOS = YES_AGGRESSIVE;
				GCC_WARN_UNUSED_FUNCTION = YES;
				GCC_WARN_UNUSED_VARIABLE = YES;
				IPHONEOS_DEPLOYMENT_TARGET = 11.2;
				MTL_ENABLE_DEBUG_INFO = YES;
				ONLY_ACTIVE_ARCH = YES;
				SDKROOT = iphoneos;
				SWIFT_ACTIVE_COMPILATION_CONDITIONS = DEBUG;
				SWIFT_OPTIMIZATION_LEVEL = "-Onone";
			};
			name = Debug;
		};
		39B4F820202EE50900F2957B /* Release */ = {
			isa = XCBuildConfiguration;
			buildSettings = {
				ALWAYS_SEARCH_USER_PATHS = NO;
				CLANG_ANALYZER_NONNULL = YES;
				CLANG_ANALYZER_NUMBER_OBJECT_CONVERSION = YES_AGGRESSIVE;
				CLANG_CXX_LANGUAGE_STANDARD = "gnu++14";
				CLANG_CXX_LIBRARY = "libc++";
				CLANG_ENABLE_MODULES = YES;
				CLANG_ENABLE_OBJC_ARC = YES;
				CLANG_WARN_BLOCK_CAPTURE_AUTORELEASING = YES;
				CLANG_WARN_BOOL_CONVERSION = YES;
				CLANG_WARN_COMMA = YES;
				CLANG_WARN_CONSTANT_CONVERSION = YES;
				CLANG_WARN_DIRECT_OBJC_ISA_USAGE = YES_ERROR;
				CLANG_WARN_DOCUMENTATION_COMMENTS = YES;
				CLANG_WARN_EMPTY_BODY = YES;
				CLANG_WARN_ENUM_CONVERSION = YES;
				CLANG_WARN_INFINITE_RECURSION = YES;
				CLANG_WARN_INT_CONVERSION = YES;
				CLANG_WARN_NON_LITERAL_NULL_CONVERSION = YES;
				CLANG_WARN_OBJC_LITERAL_CONVERSION = YES;
				CLANG_WARN_OBJC_ROOT_CLASS = YES_ERROR;
				CLANG_WARN_RANGE_LOOP_ANALYSIS = YES;
				CLANG_WARN_STRICT_PROTOTYPES = YES;
				CLANG_WARN_SUSPICIOUS_MOVE = YES;
				CLANG_WARN_UNGUARDED_AVAILABILITY = YES_AGGRESSIVE;
				CLANG_WARN_UNREACHABLE_CODE = YES;
				CLANG_WARN__DUPLICATE_METHOD_MATCH = YES;
				CODE_SIGN_IDENTITY = "iPhone Developer";
				COPY_PHASE_STRIP = NO;
				DEBUG_INFORMATION_FORMAT = "dwarf-with-dsym";
				ENABLE_NS_ASSERTIONS = NO;
				ENABLE_STRICT_OBJC_MSGSEND = YES;
				GCC_C_LANGUAGE_STANDARD = gnu11;
				GCC_NO_COMMON_BLOCKS = YES;
				GCC_WARN_64_TO_32_BIT_CONVERSION = YES;
				GCC_WARN_ABOUT_RETURN_TYPE = YES_ERROR;
				GCC_WARN_UNDECLARED_SELECTOR = YES;
				GCC_WARN_UNINITIALIZED_AUTOS = YES_AGGRESSIVE;
				GCC_WARN_UNUSED_FUNCTION = YES;
				GCC_WARN_UNUSED_VARIABLE = YES;
				IPHONEOS_DEPLOYMENT_TARGET = 11.2;
				MTL_ENABLE_DEBUG_INFO = NO;
				SDKROOT = iphoneos;
				SWIFT_OPTIMIZATION_LEVEL = "-Owholemodule";
				VALIDATE_PRODUCT = YES;
			};
			name = Release;
		};
		39B4F822202EE50900F2957B /* Debug */ = {
			isa = XCBuildConfiguration;
			buildSettings = {
				ASSETCATALOG_COMPILER_APPICON_NAME = AppIcon;
				CODE_SIGN_STYLE = Automatic;
				DEVELOPMENT_TEAM = CFAPXCHZ99;
				INFOPLIST_FILE = "Goalpost-app/Info.plist";
				LD_RUNPATH_SEARCH_PATHS = "$(inherited) @executable_path/Frameworks";
				PRODUCT_BUNDLE_IDENTIFIER = "tw.nan.www.Goalpost-app";
				PRODUCT_NAME = "$(TARGET_NAME)";
				SWIFT_VERSION = 4.0;
				TARGETED_DEVICE_FAMILY = "1,2";
			};
			name = Debug;
		};
		39B4F823202EE50900F2957B /* Release */ = {
			isa = XCBuildConfiguration;
			buildSettings = {
				ASSETCATALOG_COMPILER_APPICON_NAME = AppIcon;
				CODE_SIGN_STYLE = Automatic;
				DEVELOPMENT_TEAM = CFAPXCHZ99;
				INFOPLIST_FILE = "Goalpost-app/Info.plist";
				LD_RUNPATH_SEARCH_PATHS = "$(inherited) @executable_path/Frameworks";
				PRODUCT_BUNDLE_IDENTIFIER = "tw.nan.www.Goalpost-app";
				PRODUCT_NAME = "$(TARGET_NAME)";
				SWIFT_VERSION = 4.0;
				TARGETED_DEVICE_FAMILY = "1,2";
			};
			name = Release;
		};
/* End XCBuildConfiguration section */

/* Begin XCConfigurationList section */
		39B4F807202EE50900F2957B /* Build configuration list for PBXProject "Goalpost-app" */ = {
			isa = XCConfigurationList;
			buildConfigurations = (
				39B4F81F202EE50900F2957B /* Debug */,
				39B4F820202EE50900F2957B /* Release */,
			);
			defaultConfigurationIsVisible = 0;
			defaultConfigurationName = Release;
		};
		39B4F821202EE50900F2957B /* Build configuration list for PBXNativeTarget "Goalpost-app" */ = {
			isa = XCConfigurationList;
			buildConfigurations = (
				39B4F822202EE50900F2957B /* Debug */,
				39B4F823202EE50900F2957B /* Release */,
			);
			defaultConfigurationIsVisible = 0;
			defaultConfigurationName = Release;
		};
/* End XCConfigurationList section */

/* Begin XCVersionGroup section */
		39B4F816202EE50900F2957B /* Goalpost_app.xcdatamodeld */ = {
			isa = XCVersionGroup;
			children = (
				39B4F817202EE50900F2957B /* Goalpost_app.xcdatamodel */,
			);
			currentVersion = 39B4F817202EE50900F2957B /* Goalpost_app.xcdatamodel */;
			path = Goalpost_app.xcdatamodeld;
			sourceTree = "<group>";
			versionGroupType = wrapper.xcdatamodel;
		};
/* End XCVersionGroup section */
	};
	rootObject = 39B4F804202EE50900F2957B /* Project object */;
}
